// !$*UTF8*$!
{
	archiveVersion = 1;
	classes = {
	};
	objectVersion = 56;
	objects = {

/* Begin PBXBuildFile section */
		12764CB82B058755007631D7 /* Fiscavis2_0App.swift in Sources */ = {isa = PBXBuildFile; fileRef = 12764CB72B058755007631D7 /* Fiscavis2_0App.swift */; };
		12764CBA2B058755007631D7 /* ContentView.swift in Sources */ = {isa = PBXBuildFile; fileRef = 12764CB92B058755007631D7 /* ContentView.swift */; };
		12764CBC2B058756007631D7 /* Assets.xcassets in Resources */ = {isa = PBXBuildFile; fileRef = 12764CBB2B058756007631D7 /* Assets.xcassets */; };
		12764CC02B058756007631D7 /* Preview Assets.xcassets in Resources */ = {isa = PBXBuildFile; fileRef = 12764CBF2B058756007631D7 /* Preview Assets.xcassets */; };
		12764CCA2B058756007631D7 /* Fiscavis2_0Tests.swift in Sources */ = {isa = PBXBuildFile; fileRef = 12764CC92B058756007631D7 /* Fiscavis2_0Tests.swift */; };
		12764CD42B058756007631D7 /* Fiscavis2_0UITests.swift in Sources */ = {isa = PBXBuildFile; fileRef = 12764CD32B058756007631D7 /* Fiscavis2_0UITests.swift */; };
		12764CD62B058756007631D7 /* Fiscavis2_0UITestsLaunchTests.swift in Sources */ = {isa = PBXBuildFile; fileRef = 12764CD52B058756007631D7 /* Fiscavis2_0UITestsLaunchTests.swift */; };
		12764CE62B0673EC007631D7 /* Expense.swift in Sources */ = {isa = PBXBuildFile; fileRef = 12764CE52B0673EC007631D7 /* Expense.swift */; };
		12764CE82B067400007631D7 /* Budget.swift in Sources */ = {isa = PBXBuildFile; fileRef = 12764CE72B067400007631D7 /* Budget.swift */; };
		12764CEA2B067E92007631D7 /* HomeView.swift in Sources */ = {isa = PBXBuildFile; fileRef = 12764CE92B067E92007631D7 /* HomeView.swift */; };
		12764CEC2B067F0B007631D7 /* TabBarButton.swift in Sources */ = {isa = PBXBuildFile; fileRef = 12764CEB2B067F0B007631D7 /* TabBarButton.swift */; };
		12764CEF2B06831B007631D7 /* HapticManager.swift in Sources */ = {isa = PBXBuildFile; fileRef = 12764CEE2B06831B007631D7 /* HapticManager.swift */; };
		12764CFC2B068534007631D7 /* ExpenseView.swift in Sources */ = {isa = PBXBuildFile; fileRef = 12764CFB2B068534007631D7 /* ExpenseView.swift */; };
		12764CFE2B068540007631D7 /* BudgetView.swift in Sources */ = {isa = PBXBuildFile; fileRef = 12764CFD2B068540007631D7 /* BudgetView.swift */; };
		12764D002B069340007631D7 /* ExpenseCardView.swift in Sources */ = {isa = PBXBuildFile; fileRef = 12764CFF2B069340007631D7 /* ExpenseCardView.swift */; };
		12764D022B06934D007631D7 /* BudgetCardView.swift in Sources */ = {isa = PBXBuildFile; fileRef = 12764D012B06934D007631D7 /* BudgetCardView.swift */; };
		12764D042B069C21007631D7 /* UIExtension.swift in Sources */ = {isa = PBXBuildFile; fileRef = 12764D032B069C21007631D7 /* UIExtension.swift */; };
		12764D062B069FB3007631D7 /* HeaderBarView.swift in Sources */ = {isa = PBXBuildFile; fileRef = 12764D052B069FB3007631D7 /* HeaderBarView.swift */; };
		12764D082B06A36C007631D7 /* SideMenuView.swift in Sources */ = {isa = PBXBuildFile; fileRef = 12764D072B06A36C007631D7 /* SideMenuView.swift */; };
		12764D0A2B07D5B0007631D7 /* ExpensesScreen.swift in Sources */ = {isa = PBXBuildFile; fileRef = 12764D092B07D5B0007631D7 /* ExpensesScreen.swift */; };
		12764D0C2B07E209007631D7 /* GroupedExpenses.swift in Sources */ = {isa = PBXBuildFile; fileRef = 12764D0B2B07E209007631D7 /* GroupedExpenses.swift */; };
		12764D0E2B07E2F5007631D7 /* ArcShape.swift in Sources */ = {isa = PBXBuildFile; fileRef = 12764D0D2B07E2F5007631D7 /* ArcShape.swift */; };
		12764D102B07EBAD007631D7 /* BudgetScreen.swift in Sources */ = {isa = PBXBuildFile; fileRef = 12764D0F2B07EBAD007631D7 /* BudgetScreen.swift */; };
		12764D122B07F79F007631D7 /* ExpenseChart.swift in Sources */ = {isa = PBXBuildFile; fileRef = 12764D112B07F79F007631D7 /* ExpenseChart.swift */; };
		12764D172B08202F007631D7 /* AddExpenseView.swift in Sources */ = {isa = PBXBuildFile; fileRef = 12764D162B08202F007631D7 /* AddExpenseView.swift */; };
/* End PBXBuildFile section */

/* Begin PBXContainerItemProxy section */
		12764CC62B058756007631D7 /* PBXContainerItemProxy */ = {
			isa = PBXContainerItemProxy;
			containerPortal = 12764CAC2B058755007631D7 /* Project object */;
			proxyType = 1;
			remoteGlobalIDString = 12764CB32B058755007631D7;
			remoteInfo = Fiscavis2.0;
		};
		12764CD02B058756007631D7 /* PBXContainerItemProxy */ = {
			isa = PBXContainerItemProxy;
			containerPortal = 12764CAC2B058755007631D7 /* Project object */;
			proxyType = 1;
			remoteGlobalIDString = 12764CB32B058755007631D7;
			remoteInfo = Fiscavis2.0;
		};
/* End PBXContainerItemProxy section */

/* Begin PBXFileReference section */
		12764CB42B058755007631D7 /* Fiscavis2.0.app */ = {isa = PBXFileReference; explicitFileType = wrapper.application; includeInIndex = 0; path = Fiscavis2.0.app; sourceTree = BUILT_PRODUCTS_DIR; };
		12764CB72B058755007631D7 /* Fiscavis2_0App.swift */ = {isa = PBXFileReference; lastKnownFileType = sourcecode.swift; path = Fiscavis2_0App.swift; sourceTree = "<group>"; };
		12764CB92B058755007631D7 /* ContentView.swift */ = {isa = PBXFileReference; lastKnownFileType = sourcecode.swift; path = ContentView.swift; sourceTree = "<group>"; };
		12764CBB2B058756007631D7 /* Assets.xcassets */ = {isa = PBXFileReference; lastKnownFileType = folder.assetcatalog; path = Assets.xcassets; sourceTree = "<group>"; };
		12764CBD2B058756007631D7 /* Fiscavis2_0.entitlements */ = {isa = PBXFileReference; lastKnownFileType = text.plist.entitlements; path = Fiscavis2_0.entitlements; sourceTree = "<group>"; };
		12764CBF2B058756007631D7 /* Preview Assets.xcassets */ = {isa = PBXFileReference; lastKnownFileType = folder.assetcatalog; path = "Preview Assets.xcassets"; sourceTree = "<group>"; };
		12764CC52B058756007631D7 /* Fiscavis2.0Tests.xctest */ = {isa = PBXFileReference; explicitFileType = wrapper.cfbundle; includeInIndex = 0; path = Fiscavis2.0Tests.xctest; sourceTree = BUILT_PRODUCTS_DIR; };
		12764CC92B058756007631D7 /* Fiscavis2_0Tests.swift */ = {isa = PBXFileReference; lastKnownFileType = sourcecode.swift; path = Fiscavis2_0Tests.swift; sourceTree = "<group>"; };
		12764CCF2B058756007631D7 /* Fiscavis2.0UITests.xctest */ = {isa = PBXFileReference; explicitFileType = wrapper.cfbundle; includeInIndex = 0; path = Fiscavis2.0UITests.xctest; sourceTree = BUILT_PRODUCTS_DIR; };
		12764CD32B058756007631D7 /* Fiscavis2_0UITests.swift */ = {isa = PBXFileReference; lastKnownFileType = sourcecode.swift; path = Fiscavis2_0UITests.swift; sourceTree = "<group>"; };
		12764CD52B058756007631D7 /* Fiscavis2_0UITestsLaunchTests.swift */ = {isa = PBXFileReference; lastKnownFileType = sourcecode.swift; path = Fiscavis2_0UITestsLaunchTests.swift; sourceTree = "<group>"; };
		12764CE52B0673EC007631D7 /* Expense.swift */ = {isa = PBXFileReference; lastKnownFileType = sourcecode.swift; path = Expense.swift; sourceTree = "<group>"; };
		12764CE72B067400007631D7 /* Budget.swift */ = {isa = PBXFileReference; lastKnownFileType = sourcecode.swift; path = Budget.swift; sourceTree = "<group>"; };
		12764CE92B067E92007631D7 /* HomeView.swift */ = {isa = PBXFileReference; lastKnownFileType = sourcecode.swift; path = HomeView.swift; sourceTree = "<group>"; };
		12764CEB2B067F0B007631D7 /* TabBarButton.swift */ = {isa = PBXFileReference; lastKnownFileType = sourcecode.swift; path = TabBarButton.swift; sourceTree = "<group>"; };
		12764CEE2B06831B007631D7 /* HapticManager.swift */ = {isa = PBXFileReference; lastKnownFileType = sourcecode.swift; path = HapticManager.swift; sourceTree = "<group>"; };
		12764CFB2B068534007631D7 /* ExpenseView.swift */ = {isa = PBXFileReference; lastKnownFileType = sourcecode.swift; path = ExpenseView.swift; sourceTree = "<group>"; };
		12764CFD2B068540007631D7 /* BudgetView.swift */ = {isa = PBXFileReference; lastKnownFileType = sourcecode.swift; path = BudgetView.swift; sourceTree = "<group>"; };
		12764CFF2B069340007631D7 /* ExpenseCardView.swift */ = {isa = PBXFileReference; lastKnownFileType = sourcecode.swift; path = ExpenseCardView.swift; sourceTree = "<group>"; };
		12764D012B06934D007631D7 /* BudgetCardView.swift */ = {isa = PBXFileReference; lastKnownFileType = sourcecode.swift; path = BudgetCardView.swift; sourceTree = "<group>"; };
		12764D032B069C21007631D7 /* UIExtension.swift */ = {isa = PBXFileReference; lastKnownFileType = sourcecode.swift; path = UIExtension.swift; sourceTree = "<group>"; };
		12764D052B069FB3007631D7 /* HeaderBarView.swift */ = {isa = PBXFileReference; lastKnownFileType = sourcecode.swift; path = HeaderBarView.swift; sourceTree = "<group>"; };
		12764D072B06A36C007631D7 /* SideMenuView.swift */ = {isa = PBXFileReference; lastKnownFileType = sourcecode.swift; path = SideMenuView.swift; sourceTree = "<group>"; };
		12764D092B07D5B0007631D7 /* ExpensesScreen.swift */ = {isa = PBXFileReference; lastKnownFileType = sourcecode.swift; path = ExpensesScreen.swift; sourceTree = "<group>"; };
		12764D0B2B07E209007631D7 /* GroupedExpenses.swift */ = {isa = PBXFileReference; lastKnownFileType = sourcecode.swift; path = GroupedExpenses.swift; sourceTree = "<group>"; };
		12764D0D2B07E2F5007631D7 /* ArcShape.swift */ = {isa = PBXFileReference; lastKnownFileType = sourcecode.swift; path = ArcShape.swift; sourceTree = "<group>"; };
		12764D0F2B07EBAD007631D7 /* BudgetScreen.swift */ = {isa = PBXFileReference; lastKnownFileType = sourcecode.swift; path = BudgetScreen.swift; sourceTree = "<group>"; };
		12764D112B07F79F007631D7 /* ExpenseChart.swift */ = {isa = PBXFileReference; lastKnownFileType = sourcecode.swift; path = ExpenseChart.swift; sourceTree = "<group>"; };
		12764D162B08202F007631D7 /* AddExpenseView.swift */ = {isa = PBXFileReference; lastKnownFileType = sourcecode.swift; path = AddExpenseView.swift; sourceTree = "<group>"; };
/* End PBXFileReference section */

/* Begin PBXFrameworksBuildPhase section */
		12764CB12B058755007631D7 /* Frameworks */ = {
			isa = PBXFrameworksBuildPhase;
			buildActionMask = 2147483647;
			files = (
			);
			runOnlyForDeploymentPostprocessing = 0;
		};
		12764CC22B058756007631D7 /* Frameworks */ = {
			isa = PBXFrameworksBuildPhase;
			buildActionMask = 2147483647;
			files = (
			);
			runOnlyForDeploymentPostprocessing = 0;
		};
		12764CCC2B058756007631D7 /* Frameworks */ = {
			isa = PBXFrameworksBuildPhase;
			buildActionMask = 2147483647;
			files = (
			);
			runOnlyForDeploymentPostprocessing = 0;
		};
/* End PBXFrameworksBuildPhase section */

/* Begin PBXGroup section */
		12764CAB2B058755007631D7 = {
			isa = PBXGroup;
			children = (
				12764CB62B058755007631D7 /* Fiscavis2.0 */,
				12764CC82B058756007631D7 /* Fiscavis2.0Tests */,
				12764CD22B058756007631D7 /* Fiscavis2.0UITests */,
				12764CB52B058755007631D7 /* Products */,
			);
			sourceTree = "<group>";
		};
		12764CB52B058755007631D7 /* Products */ = {
			isa = PBXGroup;
			children = (
				12764CB42B058755007631D7 /* Fiscavis2.0.app */,
				12764CC52B058756007631D7 /* Fiscavis2.0Tests.xctest */,
				12764CCF2B058756007631D7 /* Fiscavis2.0UITests.xctest */,
			);
			name = Products;
			sourceTree = "<group>";
		};
		12764CB62B058755007631D7 /* Fiscavis2.0 */ = {
			isa = PBXGroup;
			children = (
				12764D132B07FE73007631D7 /* TabBarPackage */,
				12764CED2B068305007631D7 /* Common */,
				12764CE22B067359007631D7 /* Models */,
				12764CE42B06739B007631D7 /* Screens */,
				12764CE32B067367007631D7 /* Views */,
				12764CB72B058755007631D7 /* Fiscavis2_0App.swift */,
				12764CB92B058755007631D7 /* ContentView.swift */,
				12764CBB2B058756007631D7 /* Assets.xcassets */,
				12764CBD2B058756007631D7 /* Fiscavis2_0.entitlements */,
				12764CBE2B058756007631D7 /* Preview Content */,
			);
			path = Fiscavis2.0;
			sourceTree = "<group>";
		};
		12764CBE2B058756007631D7 /* Preview Content */ = {
			isa = PBXGroup;
			children = (
				12764CBF2B058756007631D7 /* Preview Assets.xcassets */,
			);
			path = "Preview Content";
			sourceTree = "<group>";
		};
		12764CC82B058756007631D7 /* Fiscavis2.0Tests */ = {
			isa = PBXGroup;
			children = (
				12764CC92B058756007631D7 /* Fiscavis2_0Tests.swift */,
			);
			path = Fiscavis2.0Tests;
			sourceTree = "<group>";
		};
		12764CD22B058756007631D7 /* Fiscavis2.0UITests */ = {
			isa = PBXGroup;
			children = (
				12764CD32B058756007631D7 /* Fiscavis2_0UITests.swift */,
				12764CD52B058756007631D7 /* Fiscavis2_0UITestsLaunchTests.swift */,
			);
			path = Fiscavis2.0UITests;
			sourceTree = "<group>";
		};
		12764CE22B067359007631D7 /* Models */ = {
			isa = PBXGroup;
			children = (
				12764CE52B0673EC007631D7 /* Expense.swift */,
				12764CE72B067400007631D7 /* Budget.swift */,
				12764D0B2B07E209007631D7 /* GroupedExpenses.swift */,
			);
			path = Models;
			sourceTree = "<group>";
		};
		12764CE32B067367007631D7 /* Views */ = {
			isa = PBXGroup;
			children = (
				12764CE92B067E92007631D7 /* HomeView.swift */,
				12764CEB2B067F0B007631D7 /* TabBarButton.swift */,
				12764CFB2B068534007631D7 /* ExpenseView.swift */,
				12764CFD2B068540007631D7 /* BudgetView.swift */,
				12764CFF2B069340007631D7 /* ExpenseCardView.swift */,
				12764D012B06934D007631D7 /* BudgetCardView.swift */,
				12764D052B069FB3007631D7 /* HeaderBarView.swift */,
				12764D072B06A36C007631D7 /* SideMenuView.swift */,
				12764D112B07F79F007631D7 /* ExpenseChart.swift */,
				12764D162B08202F007631D7 /* AddExpenseView.swift */,
			);
			path = Views;
			sourceTree = "<group>";
		};
		12764CE42B06739B007631D7 /* Screens */ = {
			isa = PBXGroup;
			children = (
				12764D092B07D5B0007631D7 /* ExpensesScreen.swift */,
				12764D0F2B07EBAD007631D7 /* BudgetScreen.swift */,
			);
			path = Screens;
			sourceTree = "<group>";
		};
		12764CED2B068305007631D7 /* Common */ = {
			isa = PBXGroup;
			children = (
				12764CEE2B06831B007631D7 /* HapticManager.swift */,
				12764D032B069C21007631D7 /* UIExtension.swift */,
				12764D0D2B07E2F5007631D7 /* ArcShape.swift */,
			);
			path = Common;
			sourceTree = "<group>";
		};
		12764D132B07FE73007631D7 /* TabBarPackage */ = {
			isa = PBXGroup;
			children = (
				12764D142B07FE7E007631D7 /* Models */,
				12764D152B07FE86007631D7 /* View */,
			);
			path = TabBarPackage;
			sourceTree = "<group>";
		};
		12764D142B07FE7E007631D7 /* Models */ = {
			isa = PBXGroup;
			children = (
			);
			path = Models;
			sourceTree = "<group>";
		};
		12764D152B07FE86007631D7 /* View */ = {
			isa = PBXGroup;
			children = (
			);
			path = View;
			sourceTree = "<group>";
		};
/* End PBXGroup section */

/* Begin PBXNativeTarget section */
		12764CB32B058755007631D7 /* Fiscavis2.0 */ = {
			isa = PBXNativeTarget;
			buildConfigurationList = 12764CD92B058756007631D7 /* Build configuration list for PBXNativeTarget "Fiscavis2.0" */;
			buildPhases = (
				12764CB02B058755007631D7 /* Sources */,
				12764CB12B058755007631D7 /* Frameworks */,
				12764CB22B058755007631D7 /* Resources */,
			);
			buildRules = (
			);
			dependencies = (
			);
			name = Fiscavis2.0;
			productName = Fiscavis2.0;
			productReference = 12764CB42B058755007631D7 /* Fiscavis2.0.app */;
			productType = "com.apple.product-type.application";
		};
		12764CC42B058756007631D7 /* Fiscavis2.0Tests */ = {
			isa = PBXNativeTarget;
			buildConfigurationList = 12764CDC2B058756007631D7 /* Build configuration list for PBXNativeTarget "Fiscavis2.0Tests" */;
			buildPhases = (
				12764CC12B058756007631D7 /* Sources */,
				12764CC22B058756007631D7 /* Frameworks */,
				12764CC32B058756007631D7 /* Resources */,
			);
			buildRules = (
			);
			dependencies = (
				12764CC72B058756007631D7 /* PBXTargetDependency */,
			);
			name = Fiscavis2.0Tests;
			productName = Fiscavis2.0Tests;
			productReference = 12764CC52B058756007631D7 /* Fiscavis2.0Tests.xctest */;
			productType = "com.apple.product-type.bundle.unit-test";
		};
		12764CCE2B058756007631D7 /* Fiscavis2.0UITests */ = {
			isa = PBXNativeTarget;
			buildConfigurationList = 12764CDF2B058756007631D7 /* Build configuration list for PBXNativeTarget "Fiscavis2.0UITests" */;
			buildPhases = (
				12764CCB2B058756007631D7 /* Sources */,
				12764CCC2B058756007631D7 /* Frameworks */,
				12764CCD2B058756007631D7 /* Resources */,
			);
			buildRules = (
			);
			dependencies = (
				12764CD12B058756007631D7 /* PBXTargetDependency */,
			);
			name = Fiscavis2.0UITests;
			productName = Fiscavis2.0UITests;
			productReference = 12764CCF2B058756007631D7 /* Fiscavis2.0UITests.xctest */;
			productType = "com.apple.product-type.bundle.ui-testing";
		};
/* End PBXNativeTarget section */

/* Begin PBXProject section */
		12764CAC2B058755007631D7 /* Project object */ = {
			isa = PBXProject;
			attributes = {
				BuildIndependentTargetsInParallel = 1;
				LastSwiftUpdateCheck = 1500;
				LastUpgradeCheck = 1500;
				TargetAttributes = {
					12764CB32B058755007631D7 = {
						CreatedOnToolsVersion = 15.0.1;
					};
					12764CC42B058756007631D7 = {
						CreatedOnToolsVersion = 15.0.1;
						TestTargetID = 12764CB32B058755007631D7;
					};
					12764CCE2B058756007631D7 = {
						CreatedOnToolsVersion = 15.0.1;
						TestTargetID = 12764CB32B058755007631D7;
					};
				};
			};
			buildConfigurationList = 12764CAF2B058755007631D7 /* Build configuration list for PBXProject "Fiscavis2.0" */;
			compatibilityVersion = "Xcode 14.0";
			developmentRegion = en;
			hasScannedForEncodings = 0;
			knownRegions = (
				en,
				Base,
			);
			mainGroup = 12764CAB2B058755007631D7;
			productRefGroup = 12764CB52B058755007631D7 /* Products */;
			projectDirPath = "";
			projectRoot = "";
			targets = (
				12764CB32B058755007631D7 /* Fiscavis2.0 */,
				12764CC42B058756007631D7 /* Fiscavis2.0Tests */,
				12764CCE2B058756007631D7 /* Fiscavis2.0UITests */,
			);
		};
/* End PBXProject section */

/* Begin PBXResourcesBuildPhase section */
		12764CB22B058755007631D7 /* Resources */ = {
			isa = PBXResourcesBuildPhase;
			buildActionMask = 2147483647;
			files = (
				12764CC02B058756007631D7 /* Preview Assets.xcassets in Resources */,
				12764CBC2B058756007631D7 /* Assets.xcassets in Resources */,
			);
			runOnlyForDeploymentPostprocessing = 0;
		};
		12764CC32B058756007631D7 /* Resources */ = {
			isa = PBXResourcesBuildPhase;
			buildActionMask = 2147483647;
			files = (
			);
			runOnlyForDeploymentPostprocessing = 0;
		};
		12764CCD2B058756007631D7 /* Resources */ = {
			isa = PBXResourcesBuildPhase;
			buildActionMask = 2147483647;
			files = (
			);
			runOnlyForDeploymentPostprocessing = 0;
		};
/* End PBXResourcesBuildPhase section */

/* Begin PBXSourcesBuildPhase section */
		12764CB02B058755007631D7 /* Sources */ = {
			isa = PBXSourcesBuildPhase;
			buildActionMask = 2147483647;
			files = (
				12764D0E2B07E2F5007631D7 /* ArcShape.swift in Sources */,
				12764D0A2B07D5B0007631D7 /* ExpensesScreen.swift in Sources */,
				12764D0C2B07E209007631D7 /* GroupedExpenses.swift in Sources */,
				12764D022B06934D007631D7 /* BudgetCardView.swift in Sources */,
				12764CFE2B068540007631D7 /* BudgetView.swift in Sources */,
				12764D002B069340007631D7 /* ExpenseCardView.swift in Sources */,
				12764CE82B067400007631D7 /* Budget.swift in Sources */,
				12764D172B08202F007631D7 /* AddExpenseView.swift in Sources */,
				12764CE62B0673EC007631D7 /* Expense.swift in Sources */,
				12764CEF2B06831B007631D7 /* HapticManager.swift in Sources */,
				12764D122B07F79F007631D7 /* ExpenseChart.swift in Sources */,
				12764CBA2B058755007631D7 /* ContentView.swift in Sources */,
				12764D102B07EBAD007631D7 /* BudgetScreen.swift in Sources */,
				12764D042B069C21007631D7 /* UIExtension.swift in Sources */,
				12764D082B06A36C007631D7 /* SideMenuView.swift in Sources */,
				12764CEA2B067E92007631D7 /* HomeView.swift in Sources */,
				12764D062B069FB3007631D7 /* HeaderBarView.swift in Sources */,
				12764CB82B058755007631D7 /* Fiscavis2_0App.swift in Sources */,
				12764CEC2B067F0B007631D7 /* TabBarButton.swift in Sources */,
				12764CFC2B068534007631D7 /* ExpenseView.swift in Sources */,
			);
			runOnlyForDeploymentPostprocessing = 0;
		};
		12764CC12B058756007631D7 /* Sources */ = {
			isa = PBXSourcesBuildPhase;
			buildActionMask = 2147483647;
			files = (
				12764CCA2B058756007631D7 /* Fiscavis2_0Tests.swift in Sources */,
			);
			runOnlyForDeploymentPostprocessing = 0;
		};
		12764CCB2B058756007631D7 /* Sources */ = {
			isa = PBXSourcesBuildPhase;
			buildActionMask = 2147483647;
			files = (
				12764CD62B058756007631D7 /* Fiscavis2_0UITestsLaunchTests.swift in Sources */,
				12764CD42B058756007631D7 /* Fiscavis2_0UITests.swift in Sources */,
			);
			runOnlyForDeploymentPostprocessing = 0;
		};
/* End PBXSourcesBuildPhase section */

/* Begin PBXTargetDependency section */
		12764CC72B058756007631D7 /* PBXTargetDependency */ = {
			isa = PBXTargetDependency;
			target = 12764CB32B058755007631D7 /* Fiscavis2.0 */;
			targetProxy = 12764CC62B058756007631D7 /* PBXContainerItemProxy */;
		};
		12764CD12B058756007631D7 /* PBXTargetDependency */ = {
			isa = PBXTargetDependency;
			target = 12764CB32B058755007631D7 /* Fiscavis2.0 */;
			targetProxy = 12764CD02B058756007631D7 /* PBXContainerItemProxy */;
		};
/* End PBXTargetDependency section */

/* Begin XCBuildConfiguration section */
		12764CD72B058756007631D7 /* Debug */ = {
			isa = XCBuildConfiguration;
			buildSettings = {
				ALWAYS_SEARCH_USER_PATHS = NO;
				ASSETCATALOG_COMPILER_GENERATE_SWIFT_ASSET_SYMBOL_EXTENSIONS = YES;
				CLANG_ANALYZER_NONNULL = YES;
				CLANG_ANALYZER_NUMBER_OBJECT_CONVERSION = YES_AGGRESSIVE;
				CLANG_CXX_LANGUAGE_STANDARD = "gnu++20";
				CLANG_ENABLE_MODULES = YES;
				CLANG_ENABLE_OBJC_ARC = YES;
				CLANG_ENABLE_OBJC_WEAK = YES;
				CLANG_WARN_BLOCK_CAPTURE_AUTORELEASING = YES;
				CLANG_WARN_BOOL_CONVERSION = YES;
				CLANG_WARN_COMMA = YES;
				CLANG_WARN_CONSTANT_CONVERSION = YES;
				CLANG_WARN_DEPRECATED_OBJC_IMPLEMENTATIONS = YES;
				CLANG_WARN_DIRECT_OBJC_ISA_USAGE = YES_ERROR;
				CLANG_WARN_DOCUMENTATION_COMMENTS = YES;
				CLANG_WARN_EMPTY_BODY = YES;
				CLANG_WARN_ENUM_CONVERSION = YES;
				CLANG_WARN_INFINITE_RECURSION = YES;
				CLANG_WARN_INT_CONVERSION = YES;
				CLANG_WARN_NON_LITERAL_NULL_CONVERSION = YES;
				CLANG_WARN_OBJC_IMPLICIT_RETAIN_SELF = YES;
				CLANG_WARN_OBJC_LITERAL_CONVERSION = YES;
				CLANG_WARN_OBJC_ROOT_CLASS = YES_ERROR;
				CLANG_WARN_QUOTED_INCLUDE_IN_FRAMEWORK_HEADER = YES;
				CLANG_WARN_RANGE_LOOP_ANALYSIS = YES;
				CLANG_WARN_STRICT_PROTOTYPES = YES;
				CLANG_WARN_SUSPICIOUS_MOVE = YES;
				CLANG_WARN_UNGUARDED_AVAILABILITY = YES_AGGRESSIVE;
				CLANG_WARN_UNREACHABLE_CODE = YES;
				CLANG_WARN__DUPLICATE_METHOD_MATCH = YES;
				COPY_PHASE_STRIP = NO;
				DEBUG_INFORMATION_FORMAT = dwarf;
				ENABLE_STRICT_OBJC_MSGSEND = YES;
				ENABLE_TESTABILITY = YES;
				ENABLE_USER_SCRIPT_SANDBOXING = YES;
				GCC_C_LANGUAGE_STANDARD = gnu17;
				GCC_DYNAMIC_NO_PIC = NO;
				GCC_NO_COMMON_BLOCKS = YES;
				GCC_OPTIMIZATION_LEVEL = 0;
				GCC_PREPROCESSOR_DEFINITIONS = (
					"DEBUG=1",
					"$(inherited)",
				);
				GCC_WARN_64_TO_32_BIT_CONVERSION = YES;
				GCC_WARN_ABOUT_RETURN_TYPE = YES_ERROR;
				GCC_WARN_UNDECLARED_SELECTOR = YES;
				GCC_WARN_UNINITIALIZED_AUTOS = YES_AGGRESSIVE;
				GCC_WARN_UNUSED_FUNCTION = YES;
				GCC_WARN_UNUSED_VARIABLE = YES;
				LOCALIZATION_PREFERS_STRING_CATALOGS = YES;
				MTL_ENABLE_DEBUG_INFO = INCLUDE_SOURCE;
				MTL_FAST_MATH = YES;
				ONLY_ACTIVE_ARCH = YES;
				SWIFT_ACTIVE_COMPILATION_CONDITIONS = "DEBUG $(inherited)";
				SWIFT_OPTIMIZATION_LEVEL = "-Onone";
			};
			name = Debug;
		};
		12764CD82B058756007631D7 /* Release */ = {
			isa = XCBuildConfiguration;
			buildSettings = {
				ALWAYS_SEARCH_USER_PATHS = NO;
				ASSETCATALOG_COMPILER_GENERATE_SWIFT_ASSET_SYMBOL_EXTENSIONS = YES;
				CLANG_ANALYZER_NONNULL = YES;
				CLANG_ANALYZER_NUMBER_OBJECT_CONVERSION = YES_AGGRESSIVE;
				CLANG_CXX_LANGUAGE_STANDARD = "gnu++20";
				CLANG_ENABLE_MODULES = YES;
				CLANG_ENABLE_OBJC_ARC = YES;
				CLANG_ENABLE_OBJC_WEAK = YES;
				CLANG_WARN_BLOCK_CAPTURE_AUTORELEASING = YES;
				CLANG_WARN_BOOL_CONVERSION = YES;
				CLANG_WARN_COMMA = YES;
				CLANG_WARN_CONSTANT_CONVERSION = YES;
				CLANG_WARN_DEPRECATED_OBJC_IMPLEMENTATIONS = YES;
				CLANG_WARN_DIRECT_OBJC_ISA_USAGE = YES_ERROR;
				CLANG_WARN_DOCUMENTATION_COMMENTS = YES;
				CLANG_WARN_EMPTY_BODY = YES;
				CLANG_WARN_ENUM_CONVERSION = YES;
				CLANG_WARN_INFINITE_RECURSION = YES;
				CLANG_WARN_INT_CONVERSION = YES;
				CLANG_WARN_NON_LITERAL_NULL_CONVERSION = YES;
				CLANG_WARN_OBJC_IMPLICIT_RETAIN_SELF = YES;
				CLANG_WARN_OBJC_LITERAL_CONVERSION = YES;
				CLANG_WARN_OBJC_ROOT_CLASS = YES_ERROR;
				CLANG_WARN_QUOTED_INCLUDE_IN_FRAMEWORK_HEADER = YES;
				CLANG_WARN_RANGE_LOOP_ANALYSIS = YES;
				CLANG_WARN_STRICT_PROTOTYPES = YES;
				CLANG_WARN_SUSPICIOUS_MOVE = YES;
				CLANG_WARN_UNGUARDED_AVAILABILITY = YES_AGGRESSIVE;
				CLANG_WARN_UNREACHABLE_CODE = YES;
				CLANG_WARN__DUPLICATE_METHOD_MATCH = YES;
				COPY_PHASE_STRIP = NO;
				DEBUG_INFORMATION_FORMAT = "dwarf-with-dsym";
				ENABLE_NS_ASSERTIONS = NO;
				ENABLE_STRICT_OBJC_MSGSEND = YES;
				ENABLE_USER_SCRIPT_SANDBOXING = YES;
				GCC_C_LANGUAGE_STANDARD = gnu17;
				GCC_NO_COMMON_BLOCKS = YES;
				GCC_WARN_64_TO_32_BIT_CONVERSION = YES;
				GCC_WARN_ABOUT_RETURN_TYPE = YES_ERROR;
				GCC_WARN_UNDECLARED_SELECTOR = YES;
				GCC_WARN_UNINITIALIZED_AUTOS = YES_AGGRESSIVE;
				GCC_WARN_UNUSED_FUNCTION = YES;
				GCC_WARN_UNUSED_VARIABLE = YES;
				LOCALIZATION_PREFERS_STRING_CATALOGS = YES;
				MTL_ENABLE_DEBUG_INFO = NO;
				MTL_FAST_MATH = YES;
				SWIFT_COMPILATION_MODE = wholemodule;
			};
			name = Release;
		};
		12764CDA2B058756007631D7 /* Debug */ = {
			isa = XCBuildConfiguration;
			buildSettings = {
				ASSETCATALOG_COMPILER_APPICON_NAME = AppIcon;
				ASSETCATALOG_COMPILER_GLOBAL_ACCENT_COLOR_NAME = AccentColor;
				CODE_SIGN_ENTITLEMENTS = Fiscavis2.0/Fiscavis2_0.entitlements;
				CODE_SIGN_STYLE = Automatic;
				CURRENT_PROJECT_VERSION = 1;
				DEVELOPMENT_ASSET_PATHS = "\"Fiscavis2.0/Preview Content\"";
				DEVELOPMENT_TEAM = 8QQYNTY523;
				ENABLE_HARDENED_RUNTIME = YES;
				ENABLE_PREVIEWS = YES;
				GENERATE_INFOPLIST_FILE = YES;
				"INFOPLIST_KEY_UIApplicationSceneManifest_Generation[sdk=iphoneos*]" = YES;
				"INFOPLIST_KEY_UIApplicationSceneManifest_Generation[sdk=iphonesimulator*]" = YES;
				"INFOPLIST_KEY_UIApplicationSupportsIndirectInputEvents[sdk=iphoneos*]" = YES;
				"INFOPLIST_KEY_UIApplicationSupportsIndirectInputEvents[sdk=iphonesimulator*]" = YES;
				"INFOPLIST_KEY_UILaunchScreen_Generation[sdk=iphoneos*]" = YES;
				"INFOPLIST_KEY_UILaunchScreen_Generation[sdk=iphonesimulator*]" = YES;
				"INFOPLIST_KEY_UIStatusBarStyle[sdk=iphoneos*]" = UIStatusBarStyleDefault;
				"INFOPLIST_KEY_UIStatusBarStyle[sdk=iphonesimulator*]" = UIStatusBarStyleDefault;
				INFOPLIST_KEY_UISupportedInterfaceOrientations_iPad = "UIInterfaceOrientationPortrait UIInterfaceOrientationPortraitUpsideDown UIInterfaceOrientationLandscapeLeft UIInterfaceOrientationLandscapeRight";
				INFOPLIST_KEY_UISupportedInterfaceOrientations_iPhone = "UIInterfaceOrientationPortrait UIInterfaceOrientationLandscapeLeft UIInterfaceOrientationLandscapeRight";
				IPHONEOS_DEPLOYMENT_TARGET = 17.0;
				LD_RUNPATH_SEARCH_PATHS = "@executable_path/Frameworks";
				"LD_RUNPATH_SEARCH_PATHS[sdk=macosx*]" = "@executable_path/../Frameworks";
				MACOSX_DEPLOYMENT_TARGET = 14.0;
				MARKETING_VERSION = 1.0;
				PRODUCT_BUNDLE_IDENTIFIER = "com.weldtactics.Fiscavis2-0";
				PRODUCT_NAME = "$(TARGET_NAME)";
				SDKROOT = auto;
				SUPPORTED_PLATFORMS = "iphoneos iphonesimulator macosx";
				SWIFT_EMIT_LOC_STRINGS = YES;
				SWIFT_VERSION = 5.0;
				TARGETED_DEVICE_FAMILY = "1,2";
			};
			name = Debug;
		};
		12764CDB2B058756007631D7 /* Release */ = {
			isa = XCBuildConfiguration;
			buildSettings = {
				ASSETCATALOG_COMPILER_APPICON_NAME = AppIcon;
				ASSETCATALOG_COMPILER_GLOBAL_ACCENT_COLOR_NAME = AccentColor;
				CODE_SIGN_ENTITLEMENTS = Fiscavis2.0/Fiscavis2_0.entitlements;
				CODE_SIGN_STYLE = Automatic;
				CURRENT_PROJECT_VERSION = 1;
				DEVELOPMENT_ASSET_PATHS = "\"Fiscavis2.0/Preview Content\"";
				DEVELOPMENT_TEAM = 8QQYNTY523;
				ENABLE_HARDENED_RUNTIME = YES;
				ENABLE_PREVIEWS = YES;
				GENERATE_INFOPLIST_FILE = YES;
				"INFOPLIST_KEY_UIApplicationSceneManifest_Generation[sdk=iphoneos*]" = YES;
				"INFOPLIST_KEY_UIApplicationSceneManifest_Generation[sdk=iphonesimulator*]" = YES;
				"INFOPLIST_KEY_UIApplicationSupportsIndirectInputEvents[sdk=iphoneos*]" = YES;
				"INFOPLIST_KEY_UIApplicationSupportsIndirectInputEvents[sdk=iphonesimulator*]" = YES;
				"INFOPLIST_KEY_UILaunchScreen_Generation[sdk=iphoneos*]" = YES;
				"INFOPLIST_KEY_UILaunchScreen_Generation[sdk=iphonesimulator*]" = YES;
				"INFOPLIST_KEY_UIStatusBarStyle[sdk=iphoneos*]" = UIStatusBarStyleDefault;
				"INFOPLIST_KEY_UIStatusBarStyle[sdk=iphonesimulator*]" = UIStatusBarStyleDefault;
				INFOPLIST_KEY_UISupportedInterfaceOrientations_iPad = "UIInterfaceOrientationPortrait UIInterfaceOrientationPortraitUpsideDown UIInterfaceOrientationLandscapeLeft UIInterfaceOrientationLandscapeRight";
				INFOPLIST_KEY_UISupportedInterfaceOrientations_iPhone = "UIInterfaceOrientationPortrait UIInterfaceOrientationLandscapeLeft UIInterfaceOrientationLandscapeRight";
				IPHONEOS_DEPLOYMENT_TARGET = 17.0;
				LD_RUNPATH_SEARCH_PATHS = "@executable_path/Frameworks";
				"LD_RUNPATH_SEARCH_PATHS[sdk=macosx*]" = "@executable_path/../Frameworks";
				MACOSX_DEPLOYMENT_TARGET = 14.0;
				MARKETING_VERSION = 1.0;
				PRODUCT_BUNDLE_IDENTIFIER = "com.weldtactics.Fiscavis2-0";
				PRODUCT_NAME = "$(TARGET_NAME)";
				SDKROOT = auto;
				SUPPORTED_PLATFORMS = "iphoneos iphonesimulator macosx";
				SWIFT_EMIT_LOC_STRINGS = YES;
				SWIFT_VERSION = 5.0;
				TARGETED_DEVICE_FAMILY = "1,2";
			};
			name = Release;
		};
		12764CDD2B058756007631D7 /* Debug */ = {
			isa = XCBuildConfiguration;
			buildSettings = {
				ALWAYS_EMBED_SWIFT_STANDARD_LIBRARIES = YES;
				BUNDLE_LOADER = "$(TEST_HOST)";
				CODE_SIGN_STYLE = Automatic;
				CURRENT_PROJECT_VERSION = 1;
				DEVELOPMENT_TEAM = 8QQYNTY523;
				GENERATE_INFOPLIST_FILE = YES;
				IPHONEOS_DEPLOYMENT_TARGET = 17.0;
				MACOSX_DEPLOYMENT_TARGET = 14.0;
				MARKETING_VERSION = 1.0;
				PRODUCT_BUNDLE_IDENTIFIER = "com.weldtactics.Fiscavis2-0Tests";
				PRODUCT_NAME = "$(TARGET_NAME)";
				SDKROOT = auto;
				SUPPORTED_PLATFORMS = "iphoneos iphonesimulator macosx";
				SWIFT_EMIT_LOC_STRINGS = NO;
				SWIFT_VERSION = 5.0;
				TARGETED_DEVICE_FAMILY = "1,2";
				TEST_HOST = "$(BUILT_PRODUCTS_DIR)/Fiscavis2.0.app/$(BUNDLE_EXECUTABLE_FOLDER_PATH)/Fiscavis2.0";
			};
			name = Debug;
		};
		12764CDE2B058756007631D7 /* Release */ = {
			isa = XCBuildConfiguration;
			buildSettings = {
				ALWAYS_EMBED_SWIFT_STANDARD_LIBRARIES = YES;
				BUNDLE_LOADER = "$(TEST_HOST)";
				CODE_SIGN_STYLE = Automatic;
				CURRENT_PROJECT_VERSION = 1;
				DEVELOPMENT_TEAM = 8QQYNTY523;
				GENERATE_INFOPLIST_FILE = YES;
				IPHONEOS_DEPLOYMENT_TARGET = 17.0;
				MACOSX_DEPLOYMENT_TARGET = 14.0;
				MARKETING_VERSION = 1.0;
				PRODUCT_BUNDLE_IDENTIFIER = "com.weldtactics.Fiscavis2-0Tests";
				PRODUCT_NAME = "$(TARGET_NAME)";
				SDKROOT = auto;
				SUPPORTED_PLATFORMS = "iphoneos iphonesimulator macosx";
				SWIFT_EMIT_LOC_STRINGS = NO;
				SWIFT_VERSION = 5.0;
				TARGETED_DEVICE_FAMILY = "1,2";
				TEST_HOST = "$(BUILT_PRODUCTS_DIR)/Fiscavis2.0.app/$(BUNDLE_EXECUTABLE_FOLDER_PATH)/Fiscavis2.0";
			};
			name = Release;
		};
		12764CE02B058756007631D7 /* Debug */ = {
			isa = XCBuildConfiguration;
			buildSettings = {
				ALWAYS_EMBED_SWIFT_STANDARD_LIBRARIES = YES;
				CODE_SIGN_STYLE = Automatic;
				CURRENT_PROJECT_VERSION = 1;
				DEVELOPMENT_TEAM = 8QQYNTY523;
				GENERATE_INFOPLIST_FILE = YES;
				IPHONEOS_DEPLOYMENT_TARGET = 17.0;
				MACOSX_DEPLOYMENT_TARGET = 14.0;
				MARKETING_VERSION = 1.0;
				PRODUCT_BUNDLE_IDENTIFIER = "com.weldtactics.Fiscavis2-0UITests";
				PRODUCT_NAME = "$(TARGET_NAME)";
				SDKROOT = auto;
				SUPPORTED_PLATFORMS = "iphoneos iphonesimulator macosx";
				SWIFT_EMIT_LOC_STRINGS = NO;
				SWIFT_VERSION = 5.0;
				TARGETED_DEVICE_FAMILY = "1,2";
				TEST_TARGET_NAME = Fiscavis2.0;
			};
			name = Debug;
		};
		12764CE12B058756007631D7 /* Release */ = {
			isa = XCBuildConfiguration;
			buildSettings = {
				ALWAYS_EMBED_SWIFT_STANDARD_LIBRARIES = YES;
				CODE_SIGN_STYLE = Automatic;
				CURRENT_PROJECT_VERSION = 1;
				DEVELOPMENT_TEAM = 8QQYNTY523;
				GENERATE_INFOPLIST_FILE = YES;
				IPHONEOS_DEPLOYMENT_TARGET = 17.0;
				MACOSX_DEPLOYMENT_TARGET = 14.0;
				MARKETING_VERSION = 1.0;
				PRODUCT_BUNDLE_IDENTIFIER = "com.weldtactics.Fiscavis2-0UITests";
				PRODUCT_NAME = "$(TARGET_NAME)";
				SDKROOT = auto;
				SUPPORTED_PLATFORMS = "iphoneos iphonesimulator macosx";
				SWIFT_EMIT_LOC_STRINGS = NO;
				SWIFT_VERSION = 5.0;
				TARGETED_DEVICE_FAMILY = "1,2";
				TEST_TARGET_NAME = Fiscavis2.0;
			};
			name = Release;
		};
/* End XCBuildConfiguration section */

/* Begin XCConfigurationList section */
		12764CAF2B058755007631D7 /* Build configuration list for PBXProject "Fiscavis2.0" */ = {
			isa = XCConfigurationList;
			buildConfigurations = (
				12764CD72B058756007631D7 /* Debug */,
				12764CD82B058756007631D7 /* Release */,
			);
			defaultConfigurationIsVisible = 0;
			defaultConfigurationName = Release;
		};
		12764CD92B058756007631D7 /* Build configuration list for PBXNativeTarget "Fiscavis2.0" */ = {
			isa = XCConfigurationList;
			buildConfigurations = (
				12764CDA2B058756007631D7 /* Debug */,
				12764CDB2B058756007631D7 /* Release */,
			);
			defaultConfigurationIsVisible = 0;
			defaultConfigurationName = Release;
		};
		12764CDC2B058756007631D7 /* Build configuration list for PBXNativeTarget "Fiscavis2.0Tests" */ = {
			isa = XCConfigurationList;
			buildConfigurations = (
				12764CDD2B058756007631D7 /* Debug */,
				12764CDE2B058756007631D7 /* Release */,
			);
			defaultConfigurationIsVisible = 0;
			defaultConfigurationName = Release;
		};
		12764CDF2B058756007631D7 /* Build configuration list for PBXNativeTarget "Fiscavis2.0UITests" */ = {
			isa = XCConfigurationList;
			buildConfigurations = (
				12764CE02B058756007631D7 /* Debug */,
				12764CE12B058756007631D7 /* Release */,
			);
			defaultConfigurationIsVisible = 0;
			defaultConfigurationName = Release;
		};
/* End XCConfigurationList section */
	};
	rootObject = 12764CAC2B058755007631D7 /* Project object */;
}
